
Microsoft Visual Studio Solution File, Format Version 10.00
# Visual Studio 2008
Project("{8BC9CEB8-8B4A-11D0-8D11-00A0C91BC942}") = "exception_handler", "breakpad\src\client\windows\handler\exception_handler.vcproj", "{B55CA863-B374-4BAF-95AC-539E4FA4C90C}"
	ProjectSection(ProjectDependencies) = postProject
		{A820AF62-6239-4693-8430-4F516C1838F4} = {A820AF62-6239-4693-8430-4F516C1838F4}
	EndProjectSection
EndProject
Project("{8BC9CEB8-8B4A-11D0-8D11-00A0C91BC942}") = "crash_report_sender", "breakpad\src\client\windows\sender\crash_report_sender.vcproj", "{9946A048-043B-4F8F-9E07-9297B204714C}"
	ProjectSection(ProjectDependencies) = postProject
		{A820AF62-6239-4693-8430-4F516C1838F4} = {A820AF62-6239-4693-8430-4F516C1838F4}
		{B55CA863-B374-4BAF-95AC-539E4FA4C90C} = {B55CA863-B374-4BAF-95AC-539E4FA4C90C}
	EndProjectSection
EndProject
Project("{8BC9CEB8-8B4A-11D0-8D11-00A0C91BC942}") = "crash_generation", "breakpad\src\client\windows\crash_generation\crash_generation.vcproj", "{A820AF62-6239-4693-8430-4F516C1838F4}"
EndProject
Project("{8BC9CEB8-8B4A-11D0-8D11-00A0C91BC942}") = "exception_handler_test", "breakpad\src\client\windows\handler\exception_handler_test\exception_handler_test.vcproj", "{89094A11-CF25-4037-AF43-EACFA751405E}"
EndProject
Project("{8BC9CEB8-8B4A-11D0-8D11-00A0C91BC942}") = "FlySwatter", "FlySwatterClient\FlySwatterClient.vcproj", "{1B05914F-A58E-492C-95BE-8ACF0813E5BA}"
	ProjectSection(ProjectDependencies) = postProject
		{9946A048-043B-4F8F-9E07-9297B204714C} = {9946A048-043B-4F8F-9E07-9297B204714C}
		{A820AF62-6239-4693-8430-4F516C1838F4} = {A820AF62-6239-4693-8430-4F516C1838F4}
		{B55CA863-B374-4BAF-95AC-539E4FA4C90C} = {B55CA863-B374-4BAF-95AC-539E4FA4C90C}
	EndProjectSection
EndProject
Project("{8BC9CEB8-8B4A-11D0-8D11-00A0C91BC942}") = "CrashTestDummy", "CrashTestDummy\CrashTestDummy.vcproj", "{97106E87-A51A-49DE-9B56-F8F1350E3770}"
	ProjectSection(ProjectDependencies) = postProject
		{1B05914F-A58E-492C-95BE-8ACF0813E5BA} = {1B05914F-A58E-492C-95BE-8ACF0813E5BA}
	EndProjectSection
EndProject
Global
	GlobalSection(SolutionConfigurationPlatforms) = preSolution
		Debug|Win32 = Debug|Win32
		Release|Win32 = Release|Win32
	EndGlobalSection
	GlobalSection(ProjectConfigurationPlatforms) = postSolution
		{B55CA863-B374-4BAF-95AC-539E4FA4C90C}.Debug|Win32.ActiveCfg = DebugStaticCRT|Win32
		{B55CA863-B374-4BAF-95AC-539E4FA4C90C}.Debug|Win32.Build.0 = DebugStaticCRT|Win32
		{B55CA863-B374-4BAF-95AC-539E4FA4C90C}.Release|Win32.ActiveCfg = ReleaseStaticCRT|Win32
		{B55CA863-B374-4BAF-95AC-539E4FA4C90C}.Release|Win32.Build.0 = ReleaseStaticCRT|Win32
		{9946A048-043B-4F8F-9E07-9297B204714C}.Debug|Win32.ActiveCfg = DebugStaticCRT|Win32
		{9946A048-043B-4F8F-9E07-9297B204714C}.Debug|Win32.Build.0 = DebugStaticCRT|Win32
		{9946A048-043B-4F8F-9E07-9297B204714C}.Release|Win32.ActiveCfg = ReleaseStaticCRT|Win32
		{9946A048-043B-4F8F-9E07-9297B204714C}.Release|Win32.Build.0 = ReleaseStaticCRT|Win32
		{A820AF62-6239-4693-8430-4F516C1838F4}.Debug|Win32.ActiveCfg = DebugStaticCRT|Win32
		{A820AF62-6239-4693-8430-4F516C1838F4}.Debug|Win32.Build.0 = DebugStaticCRT|Win32
		{A820AF62-6239-4693-8430-4F516C1838F4}.Release|Win32.ActiveCfg = ReleaseStaticCRT|Win32
		{A820AF62-6239-4693-8430-4F516C1838F4}.Release|Win32.Build.0 = ReleaseStaticCRT|Win32
		{89094A11-CF25-4037-AF43-EACFA751405E}.Debug|Win32.ActiveCfg = Debug|Win32
		{89094A11-CF25-4037-AF43-EACFA751405E}.Release|Win32.ActiveCfg = Release|Win32
		{1B05914F-A58E-492C-95BE-8ACF0813E5BA}.Debug|Win32.ActiveCfg = DebugStaticCRT|Win32
		{1B05914F-A58E-492C-95BE-8ACF0813E5BA}.Debug|Win32.Build.0 = DebugStaticCRT|Win32
		{1B05914F-A58E-492C-95BE-8ACF0813E5BA}.Release|Win32.ActiveCfg = ReleaseStaticCRT|Win32
		{1B05914F-A58E-492C-95BE-8ACF0813E5BA}.Release|Win32.Build.0 = ReleaseStaticCRT|Win32
		{97106E87-A51A-49DE-9B56-F8F1350E3770}.Debug|Win32.ActiveCfg = Debug|Win32
		{97106E87-A51A-49DE-9B56-F8F1350E3770}.Debug|Win32.Build.0 = Debug|Win32
		{97106E87-A51A-49DE-9B56-F8F1350E3770}.Release|Win32.ActiveCfg = Release|Win32
		{97106E87-A51A-49DE-9B56-F8F1350E3770}.Release|Win32.Build.0 = Release|Win32
	EndGlobalSection
	GlobalSection(SolutionProperties) = preSolution
		HideSolutionNode = FALSE
	EndGlobalSection
EndGlobal
